// !$*UTF8*$!
{
	archiveVersion = 1;
	classes = {
	};
	objectVersion = 56;
	objects = {

/* Begin PBXBuildFile section */
		115600542BB01AF8003E1B9F /* AppDelegate.swift in Sources */ = {isa = PBXBuildFile; fileRef = 115600532BB01AF8003E1B9F /* AppDelegate.swift */; };
		115600562BB01AF8003E1B9F /* SceneDelegate.swift in Sources */ = {isa = PBXBuildFile; fileRef = 115600552BB01AF8003E1B9F /* SceneDelegate.swift */; };
		115600582BB01AF8003E1B9F /* ViewController.swift in Sources */ = {isa = PBXBuildFile; fileRef = 115600572BB01AF8003E1B9F /* ViewController.swift */; };
		1156005B2BB01AF8003E1B9F /* Main.storyboard in Resources */ = {isa = PBXBuildFile; fileRef = 115600592BB01AF8003E1B9F /* Main.storyboard */; };
		1156005D2BB01AF9003E1B9F /* Assets.xcassets in Resources */ = {isa = PBXBuildFile; fileRef = 1156005C2BB01AF9003E1B9F /* Assets.xcassets */; };
		115600602BB01AF9003E1B9F /* LaunchScreen.storyboard in Resources */ = {isa = PBXBuildFile; fileRef = 1156005E2BB01AF9003E1B9F /* LaunchScreen.storyboard */; };
		115600692BB01C40003E1B9F /* TableViewCell.swift in Sources */ = {isa = PBXBuildFile; fileRef = 115600672BB01C40003E1B9F /* TableViewCell.swift */; };
		1156006A2BB01C40003E1B9F /* TableViewCell.xib in Resources */ = {isa = PBXBuildFile; fileRef = 115600682BB01C40003E1B9F /* TableViewCell.xib */; };
		1156006C2BB01EB1003E1B9F /* Makale.swift in Sources */ = {isa = PBXBuildFile; fileRef = 1156006B2BB01EB1003E1B9F /* Makale.swift */; };
/* End PBXBuildFile section */

/* Begin PBXFileReference section */
		115600502BB01AF8003E1B9F /* bolumSonu_Lab.app */ = {isa = PBXFileReference; explicitFileType = wrapper.application; includeInIndex = 0; path = bolumSonu_Lab.app; sourceTree = BUILT_PRODUCTS_DIR; };
		115600532BB01AF8003E1B9F /* AppDelegate.swift */ = {isa = PBXFileReference; lastKnownFileType = sourcecode.swift; path = AppDelegate.swift; sourceTree = "<group>"; };
		115600552BB01AF8003E1B9F /* SceneDelegate.swift */ = {isa = PBXFileReference; lastKnownFileType = sourcecode.swift; path = SceneDelegate.swift; sourceTree = "<group>"; };
		115600572BB01AF8003E1B9F /* ViewController.swift */ = {isa = PBXFileReference; lastKnownFileType = sourcecode.swift; path = ViewController.swift; sourceTree = "<group>"; };
		1156005A2BB01AF8003E1B9F /* Base */ = {isa = PBXFileReference; lastKnownFileType = file.storyboard; name = Base; path = Base.lproj/Main.storyboard; sourceTree = "<group>"; };
		1156005C2BB01AF9003E1B9F /* Assets.xcassets */ = {isa = PBXFileReference; lastKnownFileType = folder.assetcatalog; path = Assets.xcassets; sourceTree = "<group>"; };
		1156005F2BB01AF9003E1B9F /* Base */ = {isa = PBXFileReference; lastKnownFileType = file.storyboard; name = Base; path = Base.lproj/LaunchScreen.storyboard; sourceTree = "<group>"; };
		115600612BB01AF9003E1B9F /* Info.plist */ = {isa = PBXFileReference; lastKnownFileType = text.plist.xml; path = Info.plist; sourceTree = "<group>"; };
		115600672BB01C40003E1B9F /* TableViewCell.swift */ = {isa = PBXFileReference; lastKnownFileType = sourcecode.swift; path = TableViewCell.swift; sourceTree = "<group>"; };
		115600682BB01C40003E1B9F /* TableViewCell.xib */ = {isa = PBXFileReference; lastKnownFileType = file.xib; path = TableViewCell.xib; sourceTree = "<group>"; };
		1156006B2BB01EB1003E1B9F /* Makale.swift */ = {isa = PBXFileReference; lastKnownFileType = sourcecode.swift; path = Makale.swift; sourceTree = "<group>"; };
/* End PBXFileReference section */

/* Begin PBXFrameworksBuildPhase section */
		1156004D2BB01AF8003E1B9F /* Frameworks */ = {
			isa = PBXFrameworksBuildPhase;
			buildActionMask = 2147483647;
			files = (
			);
			runOnlyForDeploymentPostprocessing = 0;
		};
/* End PBXFrameworksBuildPhase section */

/* Begin PBXGroup section */
		115600472BB01AF8003E1B9F = {
			isa = PBXGroup;
			children = (
				115600522BB01AF8003E1B9F /* bolumSonu_Lab */,
				115600512BB01AF8003E1B9F /* Products */,
			);
			sourceTree = "<group>";
		};
		115600512BB01AF8003E1B9F /* Products */ = {
			isa = PBXGroup;
			children = (
				115600502BB01AF8003E1B9F /* bolumSonu_Lab.app */,
			);
			name = Products;
			sourceTree = "<group>";
		};
		115600522BB01AF8003E1B9F /* bolumSonu_Lab */ = {
			isa = PBXGroup;
			children = (
				115600532BB01AF8003E1B9F /* AppDelegate.swift */,
				115600552BB01AF8003E1B9F /* SceneDelegate.swift */,
				115600572BB01AF8003E1B9F /* ViewController.swift */,
				115600592BB01AF8003E1B9F /* Main.storyboard */,
				1156005C2BB01AF9003E1B9F /* Assets.xcassets */,
				1156005E2BB01AF9003E1B9F /* LaunchScreen.storyboard */,
				115600612BB01AF9003E1B9F /* Info.plist */,
				115600672BB01C40003E1B9F /* TableViewCell.swift */,
				115600682BB01C40003E1B9F /* TableViewCell.xib */,
				1156006B2BB01EB1003E1B9F /* Makale.swift */,
			);
			path = bolumSonu_Lab;
			sourceTree = "<group>";
		};
/* End PBXGroup section */

/* Begin PBXNativeTarget section */
		1156004F2BB01AF8003E1B9F /* bolumSonu_Lab */ = {
			isa = PBXNativeTarget;
			buildConfigurationList = 115600642BB01AF9003E1B9F /* Build configuration list for PBXNativeTarget "bolumSonu_Lab" */;
			buildPhases = (
				1156004C2BB01AF8003E1B9F /* Sources */,
				1156004D2BB01AF8003E1B9F /* Frameworks */,
				1156004E2BB01AF8003E1B9F /* Resources */,
			);
			buildRules = (
			);
			dependencies = (
			);
			name = bolumSonu_Lab;
			productName = bolumSonu_Lab;
			productReference = 115600502BB01AF8003E1B9F /* bolumSonu_Lab.app */;
			productType = "com.apple.product-type.application";
		};
/* End PBXNativeTarget section */

/* Begin PBXProject section */
		115600482BB01AF8003E1B9F /* Project object */ = {
			isa = PBXProject;
			attributes = {
				BuildIndependentTargetsInParallel = 1;
				LastSwiftUpdateCheck = 1520;
				LastUpgradeCheck = 1520;
				TargetAttributes = {
					1156004F2BB01AF8003E1B9F = {
						CreatedOnToolsVersion = 15.2;
					};
				};
			};
			buildConfigurationList = 1156004B2BB01AF8003E1B9F /* Build configuration list for PBXProject "bolumSonu_Lab" */;
			compatibilityVersion = "Xcode 14.0";
			developmentRegion = en;
			hasScannedForEncodings = 0;
			knownRegions = (
				en,
				Base,
			);
			mainGroup = 115600472BB01AF8003E1B9F;
			productRefGroup = 115600512BB01AF8003E1B9F /* Products */;
			projectDirPath = "";
			projectRoot = "";
			targets = (
				1156004F2BB01AF8003E1B9F /* bolumSonu_Lab */,
			);
		};
/* End PBXProject section */

/* Begin PBXResourcesBuildPhase section */
		1156004E2BB01AF8003E1B9F /* Resources */ = {
			isa = PBXResourcesBuildPhase;
			buildActionMask = 2147483647;
			files = (
				115600602BB01AF9003E1B9F /* LaunchScreen.storyboard in Resources */,
				1156006A2BB01C40003E1B9F /* TableViewCell.xib in Resources */,
				1156005D2BB01AF9003E1B9F /* Assets.xcassets in Resources */,
				1156005B2BB01AF8003E1B9F /* Main.storyboard in Resources */,
			);
			runOnlyForDeploymentPostprocessing = 0;
		};
/* End PBXResourcesBuildPhase section */

/* Begin PBXSourcesBuildPhase section */
		1156004C2BB01AF8003E1B9F /* Sources */ = {
			isa = PBXSourcesBuildPhase;
			buildActionMask = 2147483647;
			files = (
				115600582BB01AF8003E1B9F /* ViewController.swift in Sources */,
				115600692BB01C40003E1B9F /* TableViewCell.swift in Sources */,
				115600542BB01AF8003E1B9F /* AppDelegate.swift in Sources */,
				1156006C2BB01EB1003E1B9F /* Makale.swift in Sources */,
				115600562BB01AF8003E1B9F /* SceneDelegate.swift in Sources */,
			);
			runOnlyForDeploymentPostprocessing = 0;
		};
/* End PBXSourcesBuildPhase section */

/* Begin PBXVariantGroup section */
		115600592BB01AF8003E1B9F /* Main.storyboard */ = {
			isa = PBXVariantGroup;
			children = (
				1156005A2BB01AF8003E1B9F /* Base */,
			);
			name = Main.storyboard;
			sourceTree = "<group>";
		};
		1156005E2BB01AF9003E1B9F /* LaunchScreen.storyboard */ = {
			isa = PBXVariantGroup;
			children = (
				1156005F2BB01AF9003E1B9F /* Base */,
			);
			name = LaunchScreen.storyboard;
			sourceTree = "<group>";
		};
/* End PBXVariantGroup section */

/* Begin XCBuildConfiguration section */
		115600622BB01AF9003E1B9F /* Debug */ = {
			isa = XCBuildConfiguration;
			buildSettings = {
				ALWAYS_SEARCH_USER_PATHS = NO;
				ASSETCATALOG_COMPILER_GENERATE_SWIFT_ASSET_SYMBOL_EXTENSIONS = YES;
				CLANG_ANALYZER_NONNULL = YES;
				CLANG_ANALYZER_NUMBER_OBJECT_CONVERSION = YES_AGGRESSIVE;
				CLANG_CXX_LANGUAGE_STANDARD = "gnu++20";
				CLANG_ENABLE_MODULES = YES;
				CLANG_ENABLE_OBJC_ARC = YES;
				CLANG_ENABLE_OBJC_WEAK = YES;
				CLANG_WARN_BLOCK_CAPTURE_AUTORELEASING = YES;
				CLANG_WARN_BOOL_CONVERSION = YES;
				CLANG_WARN_COMMA = YES;
				CLANG_WARN_CONSTANT_CONVERSION = YES;
				CLANG_WARN_DEPRECATED_OBJC_IMPLEMENTATIONS = YES;
				CLANG_WARN_DIRECT_OBJC_ISA_USAGE = YES_ERROR;
				CLANG_WARN_DOCUMENTATION_COMMENTS = YES;
				CLANG_WARN_EMPTY_BODY = YES;
				CLANG_WARN_ENUM_CONVERSION = YES;
				CLANG_WARN_INFINITE_RECURSION = YES;
				CLANG_WARN_INT_CONVERSION = YES;
				CLANG_WARN_NON_LITERAL_NULL_CONVERSION = YES;
				CLANG_WARN_OBJC_IMPLICIT_RETAIN_SELF = YES;
				CLANG_WARN_OBJC_LITERAL_CONVERSION = YES;
				CLANG_WARN_OBJC_ROOT_CLASS = YES_ERROR;
				CLANG_WARN_QUOTED_INCLUDE_IN_FRAMEWORK_HEADER = YES;
				CLANG_WARN_RANGE_LOOP_ANALYSIS = YES;
				CLANG_WARN_STRICT_PROTOTYPES = YES;
				CLANG_WARN_SUSPICIOUS_MOVE = YES;
				CLANG_WARN_UNGUARDED_AVAILABILITY = YES_AGGRESSIVE;
				CLANG_WARN_UNREACHABLE_CODE = YES;
				CLANG_WARN__DUPLICATE_METHOD_MATCH = YES;
				COPY_PHASE_STRIP = NO;
				DEBUG_INFORMATION_FORMAT = dwarf;
				ENABLE_STRICT_OBJC_MSGSEND = YES;
				ENABLE_TESTABILITY = YES;
				ENABLE_USER_SCRIPT_SANDBOXING = YES;
				GCC_C_LANGUAGE_STANDARD = gnu17;
				GCC_DYNAMIC_NO_PIC = NO;
				GCC_NO_COMMON_BLOCKS = YES;
				GCC_OPTIMIZATION_LEVEL = 0;
				GCC_PREPROCESSOR_DEFINITIONS = (
					"DEBUG=1",
					"$(inherited)",
				);
				GCC_WARN_64_TO_32_BIT_CONVERSION = YES;
				GCC_WARN_ABOUT_RETURN_TYPE = YES_ERROR;
				GCC_WARN_UNDECLARED_SELECTOR = YES;
				GCC_WARN_UNINITIALIZED_AUTOS = YES_AGGRESSIVE;
				GCC_WARN_UNUSED_FUNCTION = YES;
				GCC_WARN_UNUSED_VARIABLE = YES;
				IPHONEOS_DEPLOYMENT_TARGET = 17.2;
				LOCALIZATION_PREFERS_STRING_CATALOGS = YES;
				MTL_ENABLE_DEBUG_INFO = INCLUDE_SOURCE;
				MTL_FAST_MATH = YES;
				ONLY_ACTIVE_ARCH = YES;
				SDKROOT = iphoneos;
				SWIFT_ACTIVE_COMPILATION_CONDITIONS = "DEBUG $(inherited)";
				SWIFT_OPTIMIZATION_LEVEL = "-Onone";
			};
			name = Debug;
		};
		115600632BB01AF9003E1B9F /* Release */ = {
			isa = XCBuildConfiguration;
			buildSettings = {
				ALWAYS_SEARCH_USER_PATHS = NO;
				ASSETCATALOG_COMPILER_GENERATE_SWIFT_ASSET_SYMBOL_EXTENSIONS = YES;
				CLANG_ANALYZER_NONNULL = YES;
				CLANG_ANALYZER_NUMBER_OBJECT_CONVERSION = YES_AGGRESSIVE;
				CLANG_CXX_LANGUAGE_STANDARD = "gnu++20";
				CLANG_ENABLE_MODULES = YES;
				CLANG_ENABLE_OBJC_ARC = YES;
				CLANG_ENABLE_OBJC_WEAK = YES;
				CLANG_WARN_BLOCK_CAPTURE_AUTORELEASING = YES;
				CLANG_WARN_BOOL_CONVERSION = YES;
				CLANG_WARN_COMMA = YES;
				CLANG_WARN_CONSTANT_CONVERSION = YES;
				CLANG_WARN_DEPRECATED_OBJC_IMPLEMENTATIONS = YES;
				CLANG_WARN_DIRECT_OBJC_ISA_USAGE = YES_ERROR;
				CLANG_WARN_DOCUMENTATION_COMMENTS = YES;
				CLANG_WARN_EMPTY_BODY = YES;
				CLANG_WARN_ENUM_CONVERSION = YES;
				CLANG_WARN_INFINITE_RECURSION = YES;
				CLANG_WARN_INT_CONVERSION = YES;
				CLANG_WARN_NON_LITERAL_NULL_CONVERSION = YES;
				CLANG_WARN_OBJC_IMPLICIT_RETAIN_SELF = YES;
				CLANG_WARN_OBJC_LITERAL_CONVERSION = YES;
				CLANG_WARN_OBJC_ROOT_CLASS = YES_ERROR;
				CLANG_WARN_QUOTED_INCLUDE_IN_FRAMEWORK_HEADER = YES;
				CLANG_WARN_RANGE_LOOP_ANALYSIS = YES;
				CLANG_WARN_STRICT_PROTOTYPES = YES;
				CLANG_WARN_SUSPICIOUS_MOVE = YES;
				CLANG_WARN_UNGUARDED_AVAILABILITY = YES_AGGRESSIVE;
				CLANG_WARN_UNREACHABLE_CODE = YES;
				CLANG_WARN__DUPLICATE_METHOD_MATCH = YES;
				COPY_PHASE_STRIP = NO;
				DEBUG_INFORMATION_FORMAT = "dwarf-with-dsym";
				ENABLE_NS_ASSERTIONS = NO;
				ENABLE_STRICT_OBJC_MSGSEND = YES;
				ENABLE_USER_SCRIPT_SANDBOXING = YES;
				GCC_C_LANGUAGE_STANDARD = gnu17;
				GCC_NO_COMMON_BLOCKS = YES;
				GCC_WARN_64_TO_32_BIT_CONVERSION = YES;
				GCC_WARN_ABOUT_RETURN_TYPE = YES_ERROR;
				GCC_WARN_UNDECLARED_SELECTOR = YES;
				GCC_WARN_UNINITIALIZED_AUTOS = YES_AGGRESSIVE;
				GCC_WARN_UNUSED_FUNCTION = YES;
				GCC_WARN_UNUSED_VARIABLE = YES;
				IPHONEOS_DEPLOYMENT_TARGET = 17.2;
				LOCALIZATION_PREFERS_STRING_CATALOGS = YES;
				MTL_ENABLE_DEBUG_INFO = NO;
				MTL_FAST_MATH = YES;
				SDKROOT = iphoneos;
				SWIFT_COMPILATION_MODE = wholemodule;
				VALIDATE_PRODUCT = YES;
			};
			name = Release;
		};
		115600652BB01AF9003E1B9F /* Debug */ = {
			isa = XCBuildConfiguration;
			buildSettings = {
				ASSETCATALOG_COMPILER_APPICON_NAME = AppIcon;
				ASSETCATALOG_COMPILER_GLOBAL_ACCENT_COLOR_NAME = AccentColor;
				CODE_SIGN_STYLE = Automatic;
				CURRENT_PROJECT_VERSION = 1;
				GENERATE_INFOPLIST_FILE = YES;
				INFOPLIST_FILE = bolumSonu_Lab/Info.plist;
				INFOPLIST_KEY_UIApplicationSupportsIndirectInputEvents = YES;
				INFOPLIST_KEY_UILaunchStoryboardName = LaunchScreen;
				INFOPLIST_KEY_UIMainStoryboardFile = Main;
				INFOPLIST_KEY_UISupportedInterfaceOrientations_iPad = "UIInterfaceOrientationPortrait UIInterfaceOrientationPortraitUpsideDown UIInterfaceOrientationLandscapeLeft UIInterfaceOrientationLandscapeRight";
				INFOPLIST_KEY_UISupportedInterfaceOrientations_iPhone = "UIInterfaceOrientationPortrait UIInterfaceOrientationLandscapeLeft UIInterfaceOrientationLandscapeRight";
				LD_RUNPATH_SEARCH_PATHS = (
					"$(inherited)",
					"@executable_path/Frameworks",
				);
				MARKETING_VERSION = 1.0;
				PRODUCT_BUNDLE_IDENTIFIER = "com.sametkorkmaz.bolumSonu-Lab";
				PRODUCT_NAME = "$(TARGET_NAME)";
				SWIFT_EMIT_LOC_STRINGS = YES;
				SWIFT_VERSION = 5.0;
				TARGETED_DEVICE_FAMILY = "1,2";
			};
			name = Debug;
		};
		115600662BB01AF9003E1B9F /* Release */ = {
			isa = XCBuildConfiguration;
			buildSettings = {
				ASSETCATALOG_COMPILER_APPICON_NAME = AppIcon;
				ASSETCATALOG_COMPILER_GLOBAL_ACCENT_COLOR_NAME = AccentColor;
				CODE_SIGN_STYLE = Automatic;
				CURRENT_PROJECT_VERSION = 1;
				GENERATE_INFOPLIST_FILE = YES;
				INFOPLIST_FILE = bolumSonu_Lab/Info.plist;
				INFOPLIST_KEY_UIApplicationSupportsIndirectInputEvents = YES;
				INFOPLIST_KEY_UILaunchStoryboardName = LaunchScreen;
				INFOPLIST_KEY_UIMainStoryboardFile = Main;
				INFOPLIST_KEY_UISupportedInterfaceOrientations_iPad = "UIInterfaceOrientationPortrait UIInterfaceOrientationPortraitUpsideDown UIInterfaceOrientationLandscapeLeft UIInterfaceOrientationLandscapeRight";
				INFOPLIST_KEY_UISupportedInterfaceOrientations_iPhone = "UIInterfaceOrientationPortrait UIInterfaceOrientationLandscapeLeft UIInterfaceOrientationLandscapeRight";
				LD_RUNPATH_SEARCH_PATHS = (
					"$(inherited)",
					"@executable_path/Frameworks",
				);
				MARKETING_VERSION = 1.0;
				PRODUCT_BUNDLE_IDENTIFIER = "com.sametkorkmaz.bolumSonu-Lab";
				PRODUCT_NAME = "$(TARGET_NAME)";
				SWIFT_EMIT_LOC_STRINGS = YES;
				SWIFT_VERSION = 5.0;
				TARGETED_DEVICE_FAMILY = "1,2";
			};
			name = Release;
		};
/* End XCBuildConfiguration section */

/* Begin XCConfigurationList section */
		1156004B2BB01AF8003E1B9F /* Build configuration list for PBXProject "bolumSonu_Lab" */ = {
			isa = XCConfigurationList;
			buildConfigurations = (
				115600622BB01AF9003E1B9F /* Debug */,
				115600632BB01AF9003E1B9F /* Release */,
			);
			defaultConfigurationIsVisible = 0;
			defaultConfigurationName = Release;
		};
		115600642BB01AF9003E1B9F /* Build configuration list for PBXNativeTarget "bolumSonu_Lab" */ = {
			isa = XCConfigurationList;
			buildConfigurations = (
				115600652BB01AF9003E1B9F /* Debug */,
				115600662BB01AF9003E1B9F /* Release */,
			);
			defaultConfigurationIsVisible = 0;
			defaultConfigurationName = Release;
		};
/* End XCConfigurationList section */
	};
	rootObject = 115600482BB01AF8003E1B9F /* Project object */;
}
