// !$*UTF8*$!
{
	archiveVersion = 1;
	classes = {
	};
	objectVersion = 56;
	objects = {

/* Begin PBXBuildFile section */
		118D8F9A2BAE1B2B00B6CC85 /* AppDelegate.swift in Sources */ = {isa = PBXBuildFile; fileRef = 118D8F992BAE1B2B00B6CC85 /* AppDelegate.swift */; };
		118D8F9C2BAE1B2B00B6CC85 /* SceneDelegate.swift in Sources */ = {isa = PBXBuildFile; fileRef = 118D8F9B2BAE1B2B00B6CC85 /* SceneDelegate.swift */; };
		118D8F9E2BAE1B2B00B6CC85 /* ViewController.swift in Sources */ = {isa = PBXBuildFile; fileRef = 118D8F9D2BAE1B2B00B6CC85 /* ViewController.swift */; };
		118D8FA12BAE1B2B00B6CC85 /* Main.storyboard in Resources */ = {isa = PBXBuildFile; fileRef = 118D8F9F2BAE1B2B00B6CC85 /* Main.storyboard */; };
		118D8FA32BAE1B2C00B6CC85 /* Assets.xcassets in Resources */ = {isa = PBXBuildFile; fileRef = 118D8FA22BAE1B2C00B6CC85 /* Assets.xcassets */; };
		118D8FA62BAE1B2C00B6CC85 /* LaunchScreen.storyboard in Resources */ = {isa = PBXBuildFile; fileRef = 118D8FA42BAE1B2C00B6CC85 /* LaunchScreen.storyboard */; };
		118D8FAE2BAE1BAD00B6CC85 /* Gezi.swift in Sources */ = {isa = PBXBuildFile; fileRef = 118D8FAD2BAE1BAD00B6CC85 /* Gezi.swift */; };
		118D8FB12BAE1C9500B6CC85 /* GezilecekYerlerCell.swift in Sources */ = {isa = PBXBuildFile; fileRef = 118D8FAF2BAE1C9500B6CC85 /* GezilecekYerlerCell.swift */; };
		118D8FB22BAE1C9500B6CC85 /* GezilecekYerlerCell.xib in Resources */ = {isa = PBXBuildFile; fileRef = 118D8FB02BAE1C9500B6CC85 /* GezilecekYerlerCell.xib */; };
		118D8FB42BAE203400B6CC85 /* ColumnFlowLayout.swift in Sources */ = {isa = PBXBuildFile; fileRef = 118D8FB32BAE203400B6CC85 /* ColumnFlowLayout.swift */; };
/* End PBXBuildFile section */

/* Begin PBXFileReference section */
		118D8F962BAE1B2B00B6CC85 /* CollectionViewLab.app */ = {isa = PBXFileReference; explicitFileType = wrapper.application; includeInIndex = 0; path = CollectionViewLab.app; sourceTree = BUILT_PRODUCTS_DIR; };
		118D8F992BAE1B2B00B6CC85 /* AppDelegate.swift */ = {isa = PBXFileReference; lastKnownFileType = sourcecode.swift; path = AppDelegate.swift; sourceTree = "<group>"; };
		118D8F9B2BAE1B2B00B6CC85 /* SceneDelegate.swift */ = {isa = PBXFileReference; lastKnownFileType = sourcecode.swift; path = SceneDelegate.swift; sourceTree = "<group>"; };
		118D8F9D2BAE1B2B00B6CC85 /* ViewController.swift */ = {isa = PBXFileReference; lastKnownFileType = sourcecode.swift; path = ViewController.swift; sourceTree = "<group>"; };
		118D8FA02BAE1B2B00B6CC85 /* Base */ = {isa = PBXFileReference; lastKnownFileType = file.storyboard; name = Base; path = Base.lproj/Main.storyboard; sourceTree = "<group>"; };
		118D8FA22BAE1B2C00B6CC85 /* Assets.xcassets */ = {isa = PBXFileReference; lastKnownFileType = folder.assetcatalog; path = Assets.xcassets; sourceTree = "<group>"; };
		118D8FA52BAE1B2C00B6CC85 /* Base */ = {isa = PBXFileReference; lastKnownFileType = file.storyboard; name = Base; path = Base.lproj/LaunchScreen.storyboard; sourceTree = "<group>"; };
		118D8FA72BAE1B2C00B6CC85 /* Info.plist */ = {isa = PBXFileReference; lastKnownFileType = text.plist.xml; path = Info.plist; sourceTree = "<group>"; };
		118D8FAD2BAE1BAD00B6CC85 /* Gezi.swift */ = {isa = PBXFileReference; lastKnownFileType = sourcecode.swift; path = Gezi.swift; sourceTree = "<group>"; };
		118D8FAF2BAE1C9500B6CC85 /* GezilecekYerlerCell.swift */ = {isa = PBXFileReference; lastKnownFileType = sourcecode.swift; path = GezilecekYerlerCell.swift; sourceTree = "<group>"; };
		118D8FB02BAE1C9500B6CC85 /* GezilecekYerlerCell.xib */ = {isa = PBXFileReference; lastKnownFileType = file.xib; path = GezilecekYerlerCell.xib; sourceTree = "<group>"; };
		118D8FB32BAE203400B6CC85 /* ColumnFlowLayout.swift */ = {isa = PBXFileReference; fileEncoding = 4; lastKnownFileType = sourcecode.swift; path = ColumnFlowLayout.swift; sourceTree = "<group>"; };
/* End PBXFileReference section */

/* Begin PBXFrameworksBuildPhase section */
		118D8F932BAE1B2B00B6CC85 /* Frameworks */ = {
			isa = PBXFrameworksBuildPhase;
			buildActionMask = 2147483647;
			files = (
			);
			runOnlyForDeploymentPostprocessing = 0;
		};
/* End PBXFrameworksBuildPhase section */

/* Begin PBXGroup section */
		118D8F8D2BAE1B2B00B6CC85 = {
			isa = PBXGroup;
			children = (
				118D8F982BAE1B2B00B6CC85 /* CollectionViewLab */,
				118D8F972BAE1B2B00B6CC85 /* Products */,
			);
			sourceTree = "<group>";
		};
		118D8F972BAE1B2B00B6CC85 /* Products */ = {
			isa = PBXGroup;
			children = (
				118D8F962BAE1B2B00B6CC85 /* CollectionViewLab.app */,
			);
			name = Products;
			sourceTree = "<group>";
		};
		118D8F982BAE1B2B00B6CC85 /* CollectionViewLab */ = {
			isa = PBXGroup;
			children = (
				118D8F992BAE1B2B00B6CC85 /* AppDelegate.swift */,
				118D8FAD2BAE1BAD00B6CC85 /* Gezi.swift */,
				118D8F9B2BAE1B2B00B6CC85 /* SceneDelegate.swift */,
				118D8F9D2BAE1B2B00B6CC85 /* ViewController.swift */,
				118D8F9F2BAE1B2B00B6CC85 /* Main.storyboard */,
				118D8FA22BAE1B2C00B6CC85 /* Assets.xcassets */,
				118D8FA42BAE1B2C00B6CC85 /* LaunchScreen.storyboard */,
				118D8FA72BAE1B2C00B6CC85 /* Info.plist */,
				118D8FAF2BAE1C9500B6CC85 /* GezilecekYerlerCell.swift */,
				118D8FB02BAE1C9500B6CC85 /* GezilecekYerlerCell.xib */,
				118D8FB32BAE203400B6CC85 /* ColumnFlowLayout.swift */,
			);
			path = CollectionViewLab;
			sourceTree = "<group>";
		};
/* End PBXGroup section */

/* Begin PBXNativeTarget section */
		118D8F952BAE1B2B00B6CC85 /* CollectionViewLab */ = {
			isa = PBXNativeTarget;
			buildConfigurationList = 118D8FAA2BAE1B2C00B6CC85 /* Build configuration list for PBXNativeTarget "CollectionViewLab" */;
			buildPhases = (
				118D8F922BAE1B2B00B6CC85 /* Sources */,
				118D8F932BAE1B2B00B6CC85 /* Frameworks */,
				118D8F942BAE1B2B00B6CC85 /* Resources */,
			);
			buildRules = (
			);
			dependencies = (
			);
			name = CollectionViewLab;
			productName = CollectionViewLab;
			productReference = 118D8F962BAE1B2B00B6CC85 /* CollectionViewLab.app */;
			productType = "com.apple.product-type.application";
		};
/* End PBXNativeTarget section */

/* Begin PBXProject section */
		118D8F8E2BAE1B2B00B6CC85 /* Project object */ = {
			isa = PBXProject;
			attributes = {
				BuildIndependentTargetsInParallel = 1;
				LastSwiftUpdateCheck = 1520;
				LastUpgradeCheck = 1520;
				TargetAttributes = {
					118D8F952BAE1B2B00B6CC85 = {
						CreatedOnToolsVersion = 15.2;
					};
				};
			};
			buildConfigurationList = 118D8F912BAE1B2B00B6CC85 /* Build configuration list for PBXProject "CollectionViewLab" */;
			compatibilityVersion = "Xcode 14.0";
			developmentRegion = en;
			hasScannedForEncodings = 0;
			knownRegions = (
				en,
				Base,
			);
			mainGroup = 118D8F8D2BAE1B2B00B6CC85;
			productRefGroup = 118D8F972BAE1B2B00B6CC85 /* Products */;
			projectDirPath = "";
			projectRoot = "";
			targets = (
				118D8F952BAE1B2B00B6CC85 /* CollectionViewLab */,
			);
		};
/* End PBXProject section */

/* Begin PBXResourcesBuildPhase section */
		118D8F942BAE1B2B00B6CC85 /* Resources */ = {
			isa = PBXResourcesBuildPhase;
			buildActionMask = 2147483647;
			files = (
				118D8FA62BAE1B2C00B6CC85 /* LaunchScreen.storyboard in Resources */,
				118D8FA32BAE1B2C00B6CC85 /* Assets.xcassets in Resources */,
				118D8FB22BAE1C9500B6CC85 /* GezilecekYerlerCell.xib in Resources */,
				118D8FA12BAE1B2B00B6CC85 /* Main.storyboard in Resources */,
			);
			runOnlyForDeploymentPostprocessing = 0;
		};
/* End PBXResourcesBuildPhase section */

/* Begin PBXSourcesBuildPhase section */
		118D8F922BAE1B2B00B6CC85 /* Sources */ = {
			isa = PBXSourcesBuildPhase;
			buildActionMask = 2147483647;
			files = (
				118D8FB12BAE1C9500B6CC85 /* GezilecekYerlerCell.swift in Sources */,
				118D8FAE2BAE1BAD00B6CC85 /* Gezi.swift in Sources */,
				118D8F9E2BAE1B2B00B6CC85 /* ViewController.swift in Sources */,
				118D8F9A2BAE1B2B00B6CC85 /* AppDelegate.swift in Sources */,
				118D8F9C2BAE1B2B00B6CC85 /* SceneDelegate.swift in Sources */,
				118D8FB42BAE203400B6CC85 /* ColumnFlowLayout.swift in Sources */,
			);
			runOnlyForDeploymentPostprocessing = 0;
		};
/* End PBXSourcesBuildPhase section */

/* Begin PBXVariantGroup section */
		118D8F9F2BAE1B2B00B6CC85 /* Main.storyboard */ = {
			isa = PBXVariantGroup;
			children = (
				118D8FA02BAE1B2B00B6CC85 /* Base */,
			);
			name = Main.storyboard;
			sourceTree = "<group>";
		};
		118D8FA42BAE1B2C00B6CC85 /* LaunchScreen.storyboard */ = {
			isa = PBXVariantGroup;
			children = (
				118D8FA52BAE1B2C00B6CC85 /* Base */,
			);
			name = LaunchScreen.storyboard;
			sourceTree = "<group>";
		};
/* End PBXVariantGroup section */

/* Begin XCBuildConfiguration section */
		118D8FA82BAE1B2C00B6CC85 /* Debug */ = {
			isa = XCBuildConfiguration;
			buildSettings = {
				ALWAYS_SEARCH_USER_PATHS = NO;
				ASSETCATALOG_COMPILER_GENERATE_SWIFT_ASSET_SYMBOL_EXTENSIONS = YES;
				CLANG_ANALYZER_NONNULL = YES;
				CLANG_ANALYZER_NUMBER_OBJECT_CONVERSION = YES_AGGRESSIVE;
				CLANG_CXX_LANGUAGE_STANDARD = "gnu++20";
				CLANG_ENABLE_MODULES = YES;
				CLANG_ENABLE_OBJC_ARC = YES;
				CLANG_ENABLE_OBJC_WEAK = YES;
				CLANG_WARN_BLOCK_CAPTURE_AUTORELEASING = YES;
				CLANG_WARN_BOOL_CONVERSION = YES;
				CLANG_WARN_COMMA = YES;
				CLANG_WARN_CONSTANT_CONVERSION = YES;
				CLANG_WARN_DEPRECATED_OBJC_IMPLEMENTATIONS = YES;
				CLANG_WARN_DIRECT_OBJC_ISA_USAGE = YES_ERROR;
				CLANG_WARN_DOCUMENTATION_COMMENTS = YES;
				CLANG_WARN_EMPTY_BODY = YES;
				CLANG_WARN_ENUM_CONVERSION = YES;
				CLANG_WARN_INFINITE_RECURSION = YES;
				CLANG_WARN_INT_CONVERSION = YES;
				CLANG_WARN_NON_LITERAL_NULL_CONVERSION = YES;
				CLANG_WARN_OBJC_IMPLICIT_RETAIN_SELF = YES;
				CLANG_WARN_OBJC_LITERAL_CONVERSION = YES;
				CLANG_WARN_OBJC_ROOT_CLASS = YES_ERROR;
				CLANG_WARN_QUOTED_INCLUDE_IN_FRAMEWORK_HEADER = YES;
				CLANG_WARN_RANGE_LOOP_ANALYSIS = YES;
				CLANG_WARN_STRICT_PROTOTYPES = YES;
				CLANG_WARN_SUSPICIOUS_MOVE = YES;
				CLANG_WARN_UNGUARDED_AVAILABILITY = YES_AGGRESSIVE;
				CLANG_WARN_UNREACHABLE_CODE = YES;
				CLANG_WARN__DUPLICATE_METHOD_MATCH = YES;
				COPY_PHASE_STRIP = NO;
				DEBUG_INFORMATION_FORMAT = dwarf;
				ENABLE_STRICT_OBJC_MSGSEND = YES;
				ENABLE_TESTABILITY = YES;
				ENABLE_USER_SCRIPT_SANDBOXING = YES;
				GCC_C_LANGUAGE_STANDARD = gnu17;
				GCC_DYNAMIC_NO_PIC = NO;
				GCC_NO_COMMON_BLOCKS = YES;
				GCC_OPTIMIZATION_LEVEL = 0;
				GCC_PREPROCESSOR_DEFINITIONS = (
					"DEBUG=1",
					"$(inherited)",
				);
				GCC_WARN_64_TO_32_BIT_CONVERSION = YES;
				GCC_WARN_ABOUT_RETURN_TYPE = YES_ERROR;
				GCC_WARN_UNDECLARED_SELECTOR = YES;
				GCC_WARN_UNINITIALIZED_AUTOS = YES_AGGRESSIVE;
				GCC_WARN_UNUSED_FUNCTION = YES;
				GCC_WARN_UNUSED_VARIABLE = YES;
				IPHONEOS_DEPLOYMENT_TARGET = 17.2;
				LOCALIZATION_PREFERS_STRING_CATALOGS = YES;
				MTL_ENABLE_DEBUG_INFO = INCLUDE_SOURCE;
				MTL_FAST_MATH = YES;
				ONLY_ACTIVE_ARCH = YES;
				SDKROOT = iphoneos;
				SWIFT_ACTIVE_COMPILATION_CONDITIONS = "DEBUG $(inherited)";
				SWIFT_OPTIMIZATION_LEVEL = "-Onone";
			};
			name = Debug;
		};
		118D8FA92BAE1B2C00B6CC85 /* Release */ = {
			isa = XCBuildConfiguration;
			buildSettings = {
				ALWAYS_SEARCH_USER_PATHS = NO;
				ASSETCATALOG_COMPILER_GENERATE_SWIFT_ASSET_SYMBOL_EXTENSIONS = YES;
				CLANG_ANALYZER_NONNULL = YES;
				CLANG_ANALYZER_NUMBER_OBJECT_CONVERSION = YES_AGGRESSIVE;
				CLANG_CXX_LANGUAGE_STANDARD = "gnu++20";
				CLANG_ENABLE_MODULES = YES;
				CLANG_ENABLE_OBJC_ARC = YES;
				CLANG_ENABLE_OBJC_WEAK = YES;
				CLANG_WARN_BLOCK_CAPTURE_AUTORELEASING = YES;
				CLANG_WARN_BOOL_CONVERSION = YES;
				CLANG_WARN_COMMA = YES;
				CLANG_WARN_CONSTANT_CONVERSION = YES;
				CLANG_WARN_DEPRECATED_OBJC_IMPLEMENTATIONS = YES;
				CLANG_WARN_DIRECT_OBJC_ISA_USAGE = YES_ERROR;
				CLANG_WARN_DOCUMENTATION_COMMENTS = YES;
				CLANG_WARN_EMPTY_BODY = YES;
				CLANG_WARN_ENUM_CONVERSION = YES;
				CLANG_WARN_INFINITE_RECURSION = YES;
				CLANG_WARN_INT_CONVERSION = YES;
				CLANG_WARN_NON_LITERAL_NULL_CONVERSION = YES;
				CLANG_WARN_OBJC_IMPLICIT_RETAIN_SELF = YES;
				CLANG_WARN_OBJC_LITERAL_CONVERSION = YES;
				CLANG_WARN_OBJC_ROOT_CLASS = YES_ERROR;
				CLANG_WARN_QUOTED_INCLUDE_IN_FRAMEWORK_HEADER = YES;
				CLANG_WARN_RANGE_LOOP_ANALYSIS = YES;
				CLANG_WARN_STRICT_PROTOTYPES = YES;
				CLANG_WARN_SUSPICIOUS_MOVE = YES;
				CLANG_WARN_UNGUARDED_AVAILABILITY = YES_AGGRESSIVE;
				CLANG_WARN_UNREACHABLE_CODE = YES;
				CLANG_WARN__DUPLICATE_METHOD_MATCH = YES;
				COPY_PHASE_STRIP = NO;
				DEBUG_INFORMATION_FORMAT = "dwarf-with-dsym";
				ENABLE_NS_ASSERTIONS = NO;
				ENABLE_STRICT_OBJC_MSGSEND = YES;
				ENABLE_USER_SCRIPT_SANDBOXING = YES;
				GCC_C_LANGUAGE_STANDARD = gnu17;
				GCC_NO_COMMON_BLOCKS = YES;
				GCC_WARN_64_TO_32_BIT_CONVERSION = YES;
				GCC_WARN_ABOUT_RETURN_TYPE = YES_ERROR;
				GCC_WARN_UNDECLARED_SELECTOR = YES;
				GCC_WARN_UNINITIALIZED_AUTOS = YES_AGGRESSIVE;
				GCC_WARN_UNUSED_FUNCTION = YES;
				GCC_WARN_UNUSED_VARIABLE = YES;
				IPHONEOS_DEPLOYMENT_TARGET = 17.2;
				LOCALIZATION_PREFERS_STRING_CATALOGS = YES;
				MTL_ENABLE_DEBUG_INFO = NO;
				MTL_FAST_MATH = YES;
				SDKROOT = iphoneos;
				SWIFT_COMPILATION_MODE = wholemodule;
				VALIDATE_PRODUCT = YES;
			};
			name = Release;
		};
		118D8FAB2BAE1B2C00B6CC85 /* Debug */ = {
			isa = XCBuildConfiguration;
			buildSettings = {
				ASSETCATALOG_COMPILER_APPICON_NAME = AppIcon;
				ASSETCATALOG_COMPILER_GLOBAL_ACCENT_COLOR_NAME = AccentColor;
				CODE_SIGN_STYLE = Automatic;
				CURRENT_PROJECT_VERSION = 1;
				GENERATE_INFOPLIST_FILE = YES;
				INFOPLIST_FILE = CollectionViewLab/Info.plist;
				INFOPLIST_KEY_UIApplicationSupportsIndirectInputEvents = YES;
				INFOPLIST_KEY_UILaunchStoryboardName = LaunchScreen;
				INFOPLIST_KEY_UIMainStoryboardFile = Main;
				INFOPLIST_KEY_UISupportedInterfaceOrientations_iPad = "UIInterfaceOrientationPortrait UIInterfaceOrientationPortraitUpsideDown UIInterfaceOrientationLandscapeLeft UIInterfaceOrientationLandscapeRight";
				INFOPLIST_KEY_UISupportedInterfaceOrientations_iPhone = "UIInterfaceOrientationPortrait UIInterfaceOrientationLandscapeLeft UIInterfaceOrientationLandscapeRight";
				LD_RUNPATH_SEARCH_PATHS = (
					"$(inherited)",
					"@executable_path/Frameworks",
				);
				MARKETING_VERSION = 1.0;
				PRODUCT_BUNDLE_IDENTIFIER = com.sametkorkmaz.CollectionViewLab;
				PRODUCT_NAME = "$(TARGET_NAME)";
				SWIFT_EMIT_LOC_STRINGS = YES;
				SWIFT_VERSION = 5.0;
				TARGETED_DEVICE_FAMILY = "1,2";
			};
			name = Debug;
		};
		118D8FAC2BAE1B2C00B6CC85 /* Release */ = {
			isa = XCBuildConfiguration;
			buildSettings = {
				ASSETCATALOG_COMPILER_APPICON_NAME = AppIcon;
				ASSETCATALOG_COMPILER_GLOBAL_ACCENT_COLOR_NAME = AccentColor;
				CODE_SIGN_STYLE = Automatic;
				CURRENT_PROJECT_VERSION = 1;
				GENERATE_INFOPLIST_FILE = YES;
				INFOPLIST_FILE = CollectionViewLab/Info.plist;
				INFOPLIST_KEY_UIApplicationSupportsIndirectInputEvents = YES;
				INFOPLIST_KEY_UILaunchStoryboardName = LaunchScreen;
				INFOPLIST_KEY_UIMainStoryboardFile = Main;
				INFOPLIST_KEY_UISupportedInterfaceOrientations_iPad = "UIInterfaceOrientationPortrait UIInterfaceOrientationPortraitUpsideDown UIInterfaceOrientationLandscapeLeft UIInterfaceOrientationLandscapeRight";
				INFOPLIST_KEY_UISupportedInterfaceOrientations_iPhone = "UIInterfaceOrientationPortrait UIInterfaceOrientationLandscapeLeft UIInterfaceOrientationLandscapeRight";
				LD_RUNPATH_SEARCH_PATHS = (
					"$(inherited)",
					"@executable_path/Frameworks",
				);
				MARKETING_VERSION = 1.0;
				PRODUCT_BUNDLE_IDENTIFIER = com.sametkorkmaz.CollectionViewLab;
				PRODUCT_NAME = "$(TARGET_NAME)";
				SWIFT_EMIT_LOC_STRINGS = YES;
				SWIFT_VERSION = 5.0;
				TARGETED_DEVICE_FAMILY = "1,2";
			};
			name = Release;
		};
/* End XCBuildConfiguration section */

/* Begin XCConfigurationList section */
		118D8F912BAE1B2B00B6CC85 /* Build configuration list for PBXProject "CollectionViewLab" */ = {
			isa = XCConfigurationList;
			buildConfigurations = (
				118D8FA82BAE1B2C00B6CC85 /* Debug */,
				118D8FA92BAE1B2C00B6CC85 /* Release */,
			);
			defaultConfigurationIsVisible = 0;
			defaultConfigurationName = Release;
		};
		118D8FAA2BAE1B2C00B6CC85 /* Build configuration list for PBXNativeTarget "CollectionViewLab" */ = {
			isa = XCConfigurationList;
			buildConfigurations = (
				118D8FAB2BAE1B2C00B6CC85 /* Debug */,
				118D8FAC2BAE1B2C00B6CC85 /* Release */,
			);
			defaultConfigurationIsVisible = 0;
			defaultConfigurationName = Release;
		};
/* End XCConfigurationList section */
	};
	rootObject = 118D8F8E2BAE1B2B00B6CC85 /* Project object */;
}
